
Microsoft Visual Studio Solution File, Format Version 12.00
# Visual Studio Version 16
VisualStudioVersion = 16.0.31129.286
MinimumVisualStudioVersion = 10.0.40219.1
Project("{FAE04EC0-301F-11D3-BF4B-00C04F79EFBC}") = "XfoneHomeAssignment", "XfoneHomeAssignment\XfoneHomeAssignment.csproj", "{BB6CA6E8-F10B-4CAC-820D-A8DB271382CC}"
EndProject
Project("{FAE04EC0-301F-11D3-BF4B-00C04F79EFBC}") = "DAO", "DAO\DAO.csproj", "{4B93CD59-0D9A-40D6-8324-08CC9A1ED21A}"
EndProject
Project("{FAE04EC0-301F-11D3-BF4B-00C04F79EFBC}") = "BusinessLogic", "BusinessLogic\BusinessLogic.csproj", "{B9933B41-C2A0-4EF4-96D7-8E369E5B1AA7}"
EndProject
Global
	GlobalSection(SolutionConfigurationPlatforms) = preSolution
		Debug|Any CPU = Debug|Any CPU
		Release|Any CPU = Release|Any CPU
	EndGlobalSection
	GlobalSection(ProjectConfigurationPlatforms) = postSolution
		{BB6CA6E8-F10B-4CAC-820D-A8DB271382CC}.Debug|Any CPU.ActiveCfg = Debug|Any CPU
		{BB6CA6E8-F10B-4CAC-820D-A8DB271382CC}.Debug|Any CPU.Build.0 = Debug|Any CPU
		{BB6CA6E8-F10B-4CAC-820D-A8DB271382CC}.Release|Any CPU.ActiveCfg = Release|Any CPU
		{BB6CA6E8-F10B-4CAC-820D-A8DB271382CC}.Release|Any CPU.Build.0 = Release|Any CPU
		{4B93CD59-0D9A-40D6-8324-08CC9A1ED21A}.Debug|Any CPU.ActiveCfg = Debug|Any CPU
		{4B93CD59-0D9A-40D6-8324-08CC9A1ED21A}.Debug|Any CPU.Build.0 = Debug|Any CPU
		{4B93CD59-0D9A-40D6-8324-08CC9A1ED21A}.Release|Any CPU.ActiveCfg = Release|Any CPU
		{4B93CD59-0D9A-40D6-8324-08CC9A1ED21A}.Release|Any CPU.Build.0 = Release|Any CPU
		{B9933B41-C2A0-4EF4-96D7-8E369E5B1AA7}.Debug|Any CPU.ActiveCfg = Debug|Any CPU
		{B9933B41-C2A0-4EF4-96D7-8E369E5B1AA7}.Debug|Any CPU.Build.0 = Debug|Any CPU
		{B9933B41-C2A0-4EF4-96D7-8E369E5B1AA7}.Release|Any CPU.ActiveCfg = Release|Any CPU
		{B9933B41-C2A0-4EF4-96D7-8E369E5B1AA7}.Release|Any CPU.Build.0 = Release|Any CPU
	EndGlobalSection
	GlobalSection(SolutionProperties) = preSolution
		HideSolutionNode = FALSE
	EndGlobalSection
	GlobalSection(ExtensibilityGlobals) = postSolution
		SolutionGuid = {BDB648F8-4559-4E0B-B768-F4B9C1948034}
	EndGlobalSection
EndGlobal
